
Microsoft Visual Studio Solution File, Format Version 12.00
# Visual Studio Version 17
VisualStudioVersion = 17.9.34728.123
MinimumVisualStudioVersion = 10.0.40219.1
Project("{9A19103F-16F7-4668-BE54-9A1E7A4F7556}") = "UptimeReceiver", "UptimeReceiver\UptimeReceiver.csproj", "{4908D359-FA4A-43C2-8048-94F41ABCCF86}"
EndProject
Project("{E53339B2-1760-4266-BCC7-CA923CBCF16C}") = "docker-compose", "docker-compose.dcproj", "{4C0B049D-0110-40EB-ACE3-E56937FEFDEA}"
EndProject
Project("{FAE04EC0-301F-11D3-BF4B-00C04F79EFBC}") = "UptimeMonitor", "UptimeMonitor\UptimeMonitor.csproj", "{46701DC9-25E2-47F1-92EE-617427C81A4D}"
EndProject
Global
	GlobalSection(SolutionConfigurationPlatforms) = preSolution
		Debug|Any CPU = Debug|Any CPU
		Release|Any CPU = Release|Any CPU
	EndGlobalSection
	GlobalSection(ProjectConfigurationPlatforms) = postSolution
		{4908D359-FA4A-43C2-8048-94F41ABCCF86}.Debug|Any CPU.ActiveCfg = Debug|Any CPU
		{4908D359-FA4A-43C2-8048-94F41ABCCF86}.Debug|Any CPU.Build.0 = Debug|Any CPU
		{4908D359-FA4A-43C2-8048-94F41ABCCF86}.Release|Any CPU.ActiveCfg = Release|Any CPU
		{4908D359-FA4A-43C2-8048-94F41ABCCF86}.Release|Any CPU.Build.0 = Release|Any CPU
		{4C0B049D-0110-40EB-ACE3-E56937FEFDEA}.Debug|Any CPU.ActiveCfg = Debug|Any CPU
		{4C0B049D-0110-40EB-ACE3-E56937FEFDEA}.Debug|Any CPU.Build.0 = Debug|Any CPU
		{4C0B049D-0110-40EB-ACE3-E56937FEFDEA}.Release|Any CPU.ActiveCfg = Release|Any CPU
		{4C0B049D-0110-40EB-ACE3-E56937FEFDEA}.Release|Any CPU.Build.0 = Release|Any CPU
		{46701DC9-25E2-47F1-92EE-617427C81A4D}.Debug|Any CPU.ActiveCfg = Debug|Any CPU
		{46701DC9-25E2-47F1-92EE-617427C81A4D}.Debug|Any CPU.Build.0 = Debug|Any CPU
		{46701DC9-25E2-47F1-92EE-617427C81A4D}.Release|Any CPU.ActiveCfg = Release|Any CPU
		{46701DC9-25E2-47F1-92EE-617427C81A4D}.Release|Any CPU.Build.0 = Release|Any CPU
	EndGlobalSection
	GlobalSection(SolutionProperties) = preSolution
		HideSolutionNode = FALSE
	EndGlobalSection
	GlobalSection(ExtensibilityGlobals) = postSolution
		SolutionGuid = {9E5779D7-C7B0-4F6A-B3EB-1CE01DB62BA7}
	EndGlobalSection
EndGlobal
