
Microsoft Visual Studio Solution File, Format Version 12.00
# Visual Studio Version 17
VisualStudioVersion = 17.0.31919.166
MinimumVisualStudioVersion = 10.0.40219.1
Project("{9A19103F-16F7-4668-BE54-9A1E7A4F7556}") = "WebApp", "WebApp\WebApp.csproj", "{C3195943-8BD7-4C9C-A7B3-0701D2B4AE6D}"
EndProject
Project("{2150E333-8FDC-42A3-9474-1A3956D46DE8}") = "Solution Items", "Solution Items", "{B8B9C8E2-81EB-4406-BBF5-E796975128EA}"
	ProjectSection(SolutionItems) = preProject
		.dockerignore = .dockerignore
		.gitattributes = .gitattributes
		.gitignore = .gitignore
	EndProjectSection
EndProject
Global
	GlobalSection(SolutionConfigurationPlatforms) = preSolution
		Debug|Any CPU = Debug|Any CPU
		Release|Any CPU = Release|Any CPU
	EndGlobalSection
	GlobalSection(ProjectConfigurationPlatforms) = postSolution
		{C3195943-8BD7-4C9C-A7B3-0701D2B4AE6D}.Debug|Any CPU.ActiveCfg = Debug|Any CPU
		{C3195943-8BD7-4C9C-A7B3-0701D2B4AE6D}.Debug|Any CPU.Build.0 = Debug|Any CPU
		{C3195943-8BD7-4C9C-A7B3-0701D2B4AE6D}.Release|Any CPU.ActiveCfg = Release|Any CPU
		{C3195943-8BD7-4C9C-A7B3-0701D2B4AE6D}.Release|Any CPU.Build.0 = Release|Any CPU
	EndGlobalSection
	GlobalSection(SolutionProperties) = preSolution
		HideSolutionNode = FALSE
	EndGlobalSection
	GlobalSection(ExtensibilityGlobals) = postSolution
		SolutionGuid = {63B1783A-B748-45D1-BDB5-90698B691F3A}
	EndGlobalSection
EndGlobal
